
Microsoft Visual Studio Solution File, Format Version 10.00
# Visual Studio 2008
Project("{8BC9CEB8-8B4A-11D0-8D11-00A0C91BC942}") = "LanguageTranslator", "LanguageTranslator.vcproj", "{02027D3D-27D2-4A52-8592-79B7D9C42312}"
EndProject
Global
	GlobalSection(SolutionConfigurationPlatforms) = preSolution
		Debug|Win32 = Debug|Win32
		Release|Win32 = Release|Win32
	EndGlobalSection
	GlobalSection(ProjectConfigurationPlatforms) = postSolution
		{02027D3D-27D2-4A52-8592-79B7D9C42312}.Debug|Win32.ActiveCfg = Debug|Win32
		{02027D3D-27D2-4A52-8592-79B7D9C42312}.Debug|Win32.Build.0 = Debug|Win32
		{02027D3D-27D2-4A52-8592-79B7D9C42312}.Release|Win32.ActiveCfg = Release|Win32
		{02027D3D-27D2-4A52-8592-79B7D9C42312}.Release|Win32.Build.0 = Release|Win32
	EndGlobalSection
	GlobalSection(SolutionProperties) = preSolution
		HideSolutionNode = FALSE
	EndGlobalSection
EndGlobal
